
Microsoft Visual Studio Solution File, Format Version 12.00
# Visual Studio Version 16
VisualStudioVersion = 16.0.30011.22
MinimumVisualStudioVersion = 10.0.40219.1
Project("{FAE04EC0-301F-11D3-BF4B-00C04F79EFBC}") = "WebCrawlerApp", "WebCrawlerApp\WebCrawlerApp.csproj", "{3D15CAC5-8075-4F06-AF7B-0B9B5DDF6F4E}"
EndProject
Global
	GlobalSection(SolutionConfigurationPlatforms) = preSolution
		Debug|Any CPU = Debug|Any CPU
		Release|Any CPU = Release|Any CPU
	EndGlobalSection
	GlobalSection(ProjectConfigurationPlatforms) = postSolution
		{3D15CAC5-8075-4F06-AF7B-0B9B5DDF6F4E}.Debug|Any CPU.ActiveCfg = Debug|Any CPU
		{3D15CAC5-8075-4F06-AF7B-0B9B5DDF6F4E}.Debug|Any CPU.Build.0 = Debug|Any CPU
		{3D15CAC5-8075-4F06-AF7B-0B9B5DDF6F4E}.Release|Any CPU.ActiveCfg = Release|Any CPU
		{3D15CAC5-8075-4F06-AF7B-0B9B5DDF6F4E}.Release|Any CPU.Build.0 = Release|Any CPU
	EndGlobalSection
	GlobalSection(SolutionProperties) = preSolution
		HideSolutionNode = FALSE
	EndGlobalSection
	GlobalSection(ExtensibilityGlobals) = postSolution
		SolutionGuid = {44D3EA6F-C8EE-425E-B92E-1D4C5627C5D3}
	EndGlobalSection
EndGlobal
